
Microsoft Visual Studio Solution File, Format Version 12.00
# Visual Studio 14
VisualStudioVersion = 14.0.24720.0
MinimumVisualStudioVersion = 10.0.40219.1
Project("{8BC9CEB8-8B4A-11D0-8D11-00A0C91BC942}") = "LiveFreetimeLooper", "LiveFreetimeLooper\LiveFreetimeLooper.vcxproj", "{A13D1E10-0931-47A8-AD5A-40CB265F79BB}"
EndProject
Project("{8BC9CEB8-8B4A-11D0-8D11-00A0C91BC942}") = "LiveFreetimeLooper.Tests", "LiveFreetimeLooper.Tests\LiveFreetimeLooper.Tests.vcxproj", "{9ACA0007-B664-4A2F-8F17-266D782ADC93}"
EndProject
Global
	GlobalSection(SolutionConfigurationPlatforms) = preSolution
		Debug|x64 = Debug|x64
		Debug|x86 = Debug|x86
		Release|x64 = Release|x64
		Release|x86 = Release|x86
	EndGlobalSection
	GlobalSection(ProjectConfigurationPlatforms) = postSolution
		{A13D1E10-0931-47A8-AD5A-40CB265F79BB}.Debug|x64.ActiveCfg = Debug|x64
		{A13D1E10-0931-47A8-AD5A-40CB265F79BB}.Debug|x64.Build.0 = Debug|x64
		{A13D1E10-0931-47A8-AD5A-40CB265F79BB}.Debug|x86.ActiveCfg = Debug|Win32
		{A13D1E10-0931-47A8-AD5A-40CB265F79BB}.Debug|x86.Build.0 = Debug|Win32
		{A13D1E10-0931-47A8-AD5A-40CB265F79BB}.Release|x64.ActiveCfg = Release|x64
		{A13D1E10-0931-47A8-AD5A-40CB265F79BB}.Release|x64.Build.0 = Release|x64
		{A13D1E10-0931-47A8-AD5A-40CB265F79BB}.Release|x86.ActiveCfg = Release|Win32
		{A13D1E10-0931-47A8-AD5A-40CB265F79BB}.Release|x86.Build.0 = Release|Win32
		{9ACA0007-B664-4A2F-8F17-266D782ADC93}.Debug|x64.ActiveCfg = Debug|x64
		{9ACA0007-B664-4A2F-8F17-266D782ADC93}.Debug|x64.Build.0 = Debug|x64
		{9ACA0007-B664-4A2F-8F17-266D782ADC93}.Debug|x86.ActiveCfg = Debug|Win32
		{9ACA0007-B664-4A2F-8F17-266D782ADC93}.Debug|x86.Build.0 = Debug|Win32
		{9ACA0007-B664-4A2F-8F17-266D782ADC93}.Release|x64.ActiveCfg = Release|x64
		{9ACA0007-B664-4A2F-8F17-266D782ADC93}.Release|x64.Build.0 = Release|x64
		{9ACA0007-B664-4A2F-8F17-266D782ADC93}.Release|x86.ActiveCfg = Release|Win32
		{9ACA0007-B664-4A2F-8F17-266D782ADC93}.Release|x86.Build.0 = Release|Win32
	EndGlobalSection
	GlobalSection(SolutionProperties) = preSolution
		HideSolutionNode = FALSE
	EndGlobalSection
EndGlobal
