<?xml version="1.0" encoding="utf-8"?>
<Project ToolsVersion="4.0" xmlns="http://schemas.microsoft.com/developer/msbuild/2003">
  <ItemGroup>
    <Filter Include="Source Files">
      <UniqueIdentifier>{4FC737F1-C7A5-4376-A066-2A32D752A2FF}</UniqueIdentifier>
      <Extensions>cpp;c;cc;cxx;def;odl;idl;hpj;bat;asm;asmx</Extensions>
    </Filter>
    <Filter Include="Header Files">
      <UniqueIdentifier>{93995380-89BD-4b04-88EB-625FBE52EBFB}</UniqueIdentifier>
      <Extensions>h;hh;hpp;hxx;hm;inl;inc;xsd</Extensions>
    </Filter>
    <Filter Include="Resource Files">
      <UniqueIdentifier>{67DA6AB6-F800-4c08-8B7A-83BB121AAD01}</UniqueIdentifier>
      <Extensions>rc;ico;cur;bmp;dlg;rc2;rct;bin;rgs;gif;jpg;jpeg;jpe;resx;tiff;tif;png;wav;mfcribbon-ms</Extensions>
    </Filter>
    <Filter Include="Header Files\Logging">
      <UniqueIdentifier>{770f7dc4-73e4-4df6-be94-bdfa9c88ce8e}</UniqueIdentifier>
    </Filter>
    <Filter Include="Source Files\Logging">
      <UniqueIdentifier>{3af16d19-c5b3-4754-b2a2-05c0f629456b}</UniqueIdentifier>
    </Filter>
    <Filter Include="Header Files\Messaging">
      <UniqueIdentifier>{f9ae3b67-445c-4105-98b0-75a9dfb200e6}</UniqueIdentifier>
    </Filter>
    <Filter Include="Source Files\Messaging">
      <UniqueIdentifier>{2c03d35b-379e-437f-958e-3b54b376fc04}</UniqueIdentifier>
    </Filter>
    <Filter Include="Header Files\RtMidi">
      <UniqueIdentifier>{e462489c-5766-45be-86bb-32e0b9b5780d}</UniqueIdentifier>
    </Filter>
    <Filter Include="Source Files\RtMidi">
      <UniqueIdentifier>{7ee9f73a-9a86-4062-8414-788b81daa0f7}</UniqueIdentifier>
    </Filter>
    <Filter Include="Header Files\Session">
      <UniqueIdentifier>{4162aca4-74b4-4df2-98d7-4dea0aa4c5fe}</UniqueIdentifier>
    </Filter>
    <Filter Include="Source Files\Session">
      <UniqueIdentifier>{73f31a2c-2ac7-4abc-a1c4-3952d7a76dd5}</UniqueIdentifier>
    </Filter>
    <Filter Include="Header Files\States">
      <UniqueIdentifier>{0fa5f4f7-6188-4a5b-a615-da7eeed3e20e}</UniqueIdentifier>
    </Filter>
    <Filter Include="Source Files\States">
      <UniqueIdentifier>{f36a3dc7-e8ed-495f-8861-c1177b6b5128}</UniqueIdentifier>
    </Filter>
    <Filter Include="Header Files\Utilities">
      <UniqueIdentifier>{13c44d12-630b-48be-aeda-bd57a0b264de}</UniqueIdentifier>
    </Filter>
    <Filter Include="Source Files\Utilities">
      <UniqueIdentifier>{38b6640a-b22a-4686-8989-d0c9bdb7b460}</UniqueIdentifier>
    </Filter>
  </ItemGroup>
  <ItemGroup>
    <ClInclude Include="..\..\Logging\EventLogger.h">
      <Filter>Header Files\Logging</Filter>
    </ClInclude>
    <ClInclude Include="..\..\Logging\MessageDispatchedEvent.h">
      <Filter>Header Files\Logging</Filter>
    </ClInclude>
    <ClInclude Include="..\..\Logging\StateChangedEvent.h">
      <Filter>Header Files\Logging</Filter>
    </ClInclude>
    <ClInclude Include="..\..\Messaging\Loop.h">
      <Filter>Header Files\Messaging</Filter>
    </ClInclude>
    <ClInclude Include="..\..\Messaging\LoopTracker.h">
      <Filter>Header Files\Messaging</Filter>
    </ClInclude>
    <ClInclude Include="..\..\Messaging\Message.h">
      <Filter>Header Files\Messaging</Filter>
    </ClInclude>
    <ClInclude Include="..\..\Messaging\MessageDispatcher.h">
      <Filter>Header Files\Messaging</Filter>
    </ClInclude>
    <ClInclude Include="..\..\Messaging\MessageReceiver.h">
      <Filter>Header Files\Messaging</Filter>
    </ClInclude>
    <ClInclude Include="..\..\RtMidi\RtMidi.h">
      <Filter>Header Files\RtMidi</Filter>
    </ClInclude>
    <ClInclude Include="..\..\Session\Session.h">
      <Filter>Header Files\Session</Filter>
    </ClInclude>
    <ClInclude Include="..\..\States\CreatedState.h">
      <Filter>Header Files\States</Filter>
    </ClInclude>
    <ClInclude Include="..\..\States\InitialLoopState.h">
      <Filter>Header Files\States</Filter>
    </ClInclude>
    <ClInclude Include="..\..\States\InitialLoopWaitingState.h">
      <Filter>Header Files\States</Filter>
    </ClInclude>
    <ClInclude Include="..\..\States\RunningState.h">
      <Filter>Header Files\States</Filter>
    </ClInclude>
    <ClInclude Include="..\..\States\StateBase.h">
      <Filter>Header Files\States</Filter>
    </ClInclude>
    <ClInclude Include="..\..\Utilities\AsyncTimer.h">
      <Filter>Header Files\Utilities</Filter>
    </ClInclude>
    <ClInclude Include="..\..\Utilities\ConcurrentQueue.h">
      <Filter>Header Files\Utilities</Filter>
    </ClInclude>
    <ClInclude Include="..\..\Utilities\RtMidiExt.h">
      <Filter>Header Files\Utilities</Filter>
    </ClInclude>
    <ClInclude Include="..\..\Utilities\Stopwatch.h">
      <Filter>Header Files\Utilities</Filter>
    </ClInclude>
    <ClInclude Include="..\..\Logging\IEvent.h">
      <Filter>Header Files\Logging</Filter>
    </ClInclude>
    <ClInclude Include="..\..\Logging\IEventLogger.h">
      <Filter>Header Files\Logging</Filter>
    </ClInclude>
    <ClInclude Include="..\..\Messaging\IMessageDispatcher.h">
      <Filter>Header Files\Messaging</Filter>
    </ClInclude>
  </ItemGroup>
  <ItemGroup>
    <ClCompile Include="..\..\Logging\EventLogger.cpp">
      <Filter>Source Files\Logging</Filter>
    </ClCompile>
    <ClCompile Include="..\..\Logging\MessageDispatchedEvent.cpp">
      <Filter>Source Files\Logging</Filter>
    </ClCompile>
    <ClCompile Include="..\..\Logging\StateChangedEvent.cpp">
      <Filter>Source Files\Logging</Filter>
    </ClCompile>
    <ClCompile Include="..\..\Messaging\Loop.cpp">
      <Filter>Source Files\Messaging</Filter>
    </ClCompile>
    <ClCompile Include="..\..\Messaging\LoopTracker.cpp">
      <Filter>Source Files\Messaging</Filter>
    </ClCompile>
    <ClCompile Include="..\..\Messaging\MessageDispatcher.cpp">
      <Filter>Source Files\Messaging</Filter>
    </ClCompile>
    <ClCompile Include="..\..\Messaging\MessageReceiver.cpp">
      <Filter>Source Files\Messaging</Filter>
    </ClCompile>
    <ClCompile Include="..\..\RtMidi\RtMidi.cpp">
      <Filter>Source Files\RtMidi</Filter>
    </ClCompile>
    <ClCompile Include="..\..\Session\Session.cpp">
      <Filter>Source Files\Session</Filter>
    </ClCompile>
    <ClCompile Include="..\..\States\CreatedState.cpp">
      <Filter>Source Files\States</Filter>
    </ClCompile>
    <ClCompile Include="..\..\States\InitialLoopState.cpp">
      <Filter>Source Files\States</Filter>
    </ClCompile>
    <ClCompile Include="..\..\States\InitialLoopWaitingState.cpp">
      <Filter>Source Files\States</Filter>
    </ClCompile>
    <ClCompile Include="..\..\States\RunningState.cpp">
      <Filter>Source Files\States</Filter>
    </ClCompile>
    <ClCompile Include="..\..\Utilities\AsyncTimer.cpp">
      <Filter>Source Files\Utilities</Filter>
    </ClCompile>
    <ClCompile Include="..\..\Utilities\RtMidiExt.cpp">
      <Filter>Source Files\Utilities</Filter>
    </ClCompile>
    <ClCompile Include="..\..\Utilities\Stopwatch.cpp">
      <Filter>Source Files\Utilities</Filter>
    </ClCompile>
    <ClCompile Include="..\..\LiveFreetimeLooper.cpp">
      <Filter>Source Files</Filter>
    </ClCompile>
  </ItemGroup>
  <ItemGroup>
    <None Include="..\..\Makefile" />
    <None Include="..\..\README.md" />
  </ItemGroup>
</Project>