<?xml version="1.0" encoding="utf-8"?>
<Project ToolsVersion="4.0" xmlns="http://schemas.microsoft.com/developer/msbuild/2003">
  <ItemGroup>
    <Filter Include="Source Files">
      <UniqueIdentifier>{4FC737F1-C7A5-4376-A066-2A32D752A2FF}</UniqueIdentifier>
      <Extensions>cpp;c;cc;cxx;def;odl;idl;hpj;bat;asm;asmx</Extensions>
    </Filter>
    <Filter Include="Header Files">
      <UniqueIdentifier>{93995380-89BD-4b04-88EB-625FBE52EBFB}</UniqueIdentifier>
      <Extensions>h;hh;hpp;hxx;hm;inl;inc;xsd</Extensions>
    </Filter>
    <Filter Include="Resource Files">
      <UniqueIdentifier>{67DA6AB6-F800-4c08-8B7A-83BB121AAD01}</UniqueIdentifier>
      <Extensions>rc;ico;cur;bmp;dlg;rc2;rct;bin;rgs;gif;jpg;jpeg;jpe;resx;tiff;tif;png;wav;mfcribbon-ms</Extensions>
    </Filter>
    <Filter Include="Header Files\Logging">
      <UniqueIdentifier>{c90992e6-5f9f-414b-8608-f4f49666726d}</UniqueIdentifier>
    </Filter>
    <Filter Include="Source Files\Logging">
      <UniqueIdentifier>{40b81c70-8048-4ce7-be3e-93cb207d4d9e}</UniqueIdentifier>
    </Filter>
    <Filter Include="Header Files\Messaging">
      <UniqueIdentifier>{480c2ced-61c8-4aa9-9f43-574c832736c5}</UniqueIdentifier>
    </Filter>
    <Filter Include="Source Files\Messaging">
      <UniqueIdentifier>{ca109c5f-baf1-4867-839a-801b316b36b9}</UniqueIdentifier>
    </Filter>
    <Filter Include="Header Files\RtMidi">
      <UniqueIdentifier>{e1a78a42-d04b-4abd-a0d4-daebfe709bc1}</UniqueIdentifier>
    </Filter>
    <Filter Include="Header Files\Session">
      <UniqueIdentifier>{1d3629a4-0e00-4de5-9371-eb3a19b23fd5}</UniqueIdentifier>
    </Filter>
    <Filter Include="Source Files\Session">
      <UniqueIdentifier>{b9c5893b-b285-4b8e-8ee6-592a81aa3be3}</UniqueIdentifier>
    </Filter>
    <Filter Include="Source Files\RtMidi">
      <UniqueIdentifier>{370ef253-dad0-446b-9413-f3c6a97a95cf}</UniqueIdentifier>
    </Filter>
    <Filter Include="Header Files\States">
      <UniqueIdentifier>{eb7a94e1-c6d1-42bf-bbd5-c0b54e8f9977}</UniqueIdentifier>
    </Filter>
    <Filter Include="Source Files\States">
      <UniqueIdentifier>{100d3320-4468-47f3-a7cc-6557039ecc17}</UniqueIdentifier>
    </Filter>
    <Filter Include="Header Files\Utilities">
      <UniqueIdentifier>{2701ff5d-761d-42cc-a5ff-c2b22c891cc8}</UniqueIdentifier>
    </Filter>
    <Filter Include="Source Files\Utilities">
      <UniqueIdentifier>{594626c5-80d2-45da-ade9-d8c351cf30ff}</UniqueIdentifier>
    </Filter>
  </ItemGroup>
  <ItemGroup>
    <ClCompile Include="LiveFreetimeLooper.cpp">
      <Filter>Source Files</Filter>
    </ClCompile>
    <ClCompile Include="Logging\EventLogger.cpp">
      <Filter>Source Files\Logging</Filter>
    </ClCompile>
    <ClCompile Include="Logging\MessageDispatchedEvent.cpp">
      <Filter>Source Files\Logging</Filter>
    </ClCompile>
    <ClCompile Include="Logging\StateChangedEvent.cpp">
      <Filter>Source Files\Logging</Filter>
    </ClCompile>
    <ClCompile Include="Messaging\Loop.cpp">
      <Filter>Source Files\Messaging</Filter>
    </ClCompile>
    <ClCompile Include="Messaging\LoopTracker.cpp">
      <Filter>Source Files\Messaging</Filter>
    </ClCompile>
    <ClCompile Include="Messaging\MessageDispatcher.cpp">
      <Filter>Source Files\Messaging</Filter>
    </ClCompile>
    <ClCompile Include="Messaging\MessageReceiver.cpp">
      <Filter>Source Files\Messaging</Filter>
    </ClCompile>
    <ClCompile Include="Session\Session.cpp">
      <Filter>Source Files\Session</Filter>
    </ClCompile>
    <ClCompile Include="RtMidi\RtMidi.cpp">
      <Filter>Source Files\RtMidi</Filter>
    </ClCompile>
    <ClCompile Include="States\CreatedState.cpp">
      <Filter>Source Files\States</Filter>
    </ClCompile>
    <ClCompile Include="States\InitialLoopState.cpp">
      <Filter>Source Files\States</Filter>
    </ClCompile>
    <ClCompile Include="States\InitialLoopWaitingState.cpp">
      <Filter>Source Files\States</Filter>
    </ClCompile>
    <ClCompile Include="States\RunningState.cpp">
      <Filter>Source Files\States</Filter>
    </ClCompile>
    <ClCompile Include="Utilities\AsyncTimer.cpp">
      <Filter>Source Files\Utilities</Filter>
    </ClCompile>
    <ClCompile Include="Utilities\AsyncTimerFactory.cpp">
      <Filter>Source Files\Utilities</Filter>
    </ClCompile>
    <ClCompile Include="Utilities\RtMidiExt.cpp">
      <Filter>Source Files\Utilities</Filter>
    </ClCompile>
    <ClCompile Include="Utilities\Stopwatch.cpp">
      <Filter>Source Files\Utilities</Filter>
    </ClCompile>
  </ItemGroup>
  <ItemGroup>
    <ClInclude Include="Logging\EventLogger.hpp">
      <Filter>Header Files\Logging</Filter>
    </ClInclude>
    <ClInclude Include="Logging\IEvent.hpp">
      <Filter>Header Files\Logging</Filter>
    </ClInclude>
    <ClInclude Include="Logging\IEventLogger.hpp">
      <Filter>Header Files\Logging</Filter>
    </ClInclude>
    <ClInclude Include="Logging\MessageDispatchedEvent.hpp">
      <Filter>Header Files\Logging</Filter>
    </ClInclude>
    <ClInclude Include="Logging\StateChangedEvent.hpp">
      <Filter>Header Files\Logging</Filter>
    </ClInclude>
    <ClInclude Include="Messaging\ILoopTracker.hpp">
      <Filter>Header Files\Messaging</Filter>
    </ClInclude>
    <ClInclude Include="Messaging\IMessageDispatcher.hpp">
      <Filter>Header Files\Messaging</Filter>
    </ClInclude>
    <ClInclude Include="Messaging\Loop.hpp">
      <Filter>Header Files\Messaging</Filter>
    </ClInclude>
    <ClInclude Include="Messaging\LoopTracker.hpp">
      <Filter>Header Files\Messaging</Filter>
    </ClInclude>
    <ClInclude Include="Messaging\Message.hpp">
      <Filter>Header Files\Messaging</Filter>
    </ClInclude>
    <ClInclude Include="Messaging\MessageDispatcher.hpp">
      <Filter>Header Files\Messaging</Filter>
    </ClInclude>
    <ClInclude Include="Messaging\MessageReceiver.hpp">
      <Filter>Header Files\Messaging</Filter>
    </ClInclude>
    <ClInclude Include="RtMidi\RtMidi.hpp">
      <Filter>Header Files\RtMidi</Filter>
    </ClInclude>
    <ClInclude Include="Session\Session.hpp">
      <Filter>Header Files\Session</Filter>
    </ClInclude>
    <ClInclude Include="States\CreatedState.hpp">
      <Filter>Header Files\States</Filter>
    </ClInclude>
    <ClInclude Include="States\InitialLoopState.hpp">
      <Filter>Header Files\States</Filter>
    </ClInclude>
    <ClInclude Include="States\InitialLoopWaitingState.hpp">
      <Filter>Header Files\States</Filter>
    </ClInclude>
    <ClInclude Include="States\RunningState.hpp">
      <Filter>Header Files\States</Filter>
    </ClInclude>
    <ClInclude Include="States\StateBase.hpp">
      <Filter>Header Files\States</Filter>
    </ClInclude>
    <ClInclude Include="Utilities\AsyncTimer.hpp">
      <Filter>Header Files\Utilities</Filter>
    </ClInclude>
    <ClInclude Include="Utilities\AsyncTimerFactory.hpp">
      <Filter>Header Files\Utilities</Filter>
    </ClInclude>
    <ClInclude Include="Utilities\ConcurrentQueue.hpp">
      <Filter>Header Files\Utilities</Filter>
    </ClInclude>
    <ClInclude Include="Utilities\IAsyncTimer.hpp">
      <Filter>Header Files\Utilities</Filter>
    </ClInclude>
    <ClInclude Include="Utilities\IAsyncTimerFactory.hpp">
      <Filter>Header Files\Utilities</Filter>
    </ClInclude>
    <ClInclude Include="Utilities\RtMidiExt.hpp">
      <Filter>Header Files\Utilities</Filter>
    </ClInclude>
    <ClInclude Include="Utilities\Stopwatch.hpp">
      <Filter>Header Files\Utilities</Filter>
    </ClInclude>
  </ItemGroup>
</Project>