<?xml version="1.0" encoding="utf-8"?>
<Project ToolsVersion="4.0" xmlns="http://schemas.microsoft.com/developer/msbuild/2003">
  <ItemGroup>
    <Filter Include="Source Files">
      <UniqueIdentifier>{4FC737F1-C7A5-4376-A066-2A32D752A2FF}</UniqueIdentifier>
      <Extensions>cpp;c;cc;cxx;def;odl;idl;hpj;bat;asm;asmx</Extensions>
    </Filter>
    <Filter Include="Header Files">
      <UniqueIdentifier>{93995380-89BD-4b04-88EB-625FBE52EBFB}</UniqueIdentifier>
      <Extensions>h;hh;hpp;hxx;hm;inl;inc;xsd</Extensions>
    </Filter>
    <Filter Include="Resource Files">
      <UniqueIdentifier>{67DA6AB6-F800-4c08-8B7A-83BB121AAD01}</UniqueIdentifier>
      <Extensions>rc;ico;cur;bmp;dlg;rc2;rct;bin;rgs;gif;jpg;jpeg;jpe;resx;tiff;tif;png;wav;mfcribbon-ms</Extensions>
    </Filter>
    <Filter Include="Header Files\Catch">
      <UniqueIdentifier>{f7093410-ff57-4486-a58b-743bdd731c22}</UniqueIdentifier>
    </Filter>
    <Filter Include="Header Files\Mocks">
      <UniqueIdentifier>{f0026228-1cfa-42e5-b870-2e9698a9828c}</UniqueIdentifier>
    </Filter>
    <Filter Include="Source Files\Mocks">
      <UniqueIdentifier>{fbcebe86-4f68-4078-ae9b-38ed266ee023}</UniqueIdentifier>
    </Filter>
  </ItemGroup>
  <ItemGroup>
    <ClCompile Include="..\..\Tests\LoopTests.cpp">
      <Filter>Source Files</Filter>
    </ClCompile>
    <ClCompile Include="..\..\Tests\LoopTrackerTests.cpp">
      <Filter>Source Files</Filter>
    </ClCompile>
    <ClCompile Include="..\..\Tests\CreatedStateTests.cpp">
      <Filter>Source Files</Filter>
    </ClCompile>
    <ClCompile Include="..\..\Tests\Mocks\MockEventLogger.cpp">
      <Filter>Source Files\Mocks</Filter>
    </ClCompile>
    <ClCompile Include="..\..\Tests\Mocks\MockMessageDispatcher.cpp">
      <Filter>Source Files\Mocks</Filter>
    </ClCompile>
    <ClCompile Include="..\..\Tests\Includes.cpp">
      <Filter>Source Files</Filter>
    </ClCompile>
    <ClCompile Include="..\..\Tests\InitialLoopWaitingStateTests.cpp">
      <Filter>Source Files</Filter>
    </ClCompile>
    <ClCompile Include="..\..\Tests\LiveFreetimeLooper.Tests.cpp">
      <Filter>Source Files</Filter>
    </ClCompile>
    <ClCompile Include="..\..\Tests\Mocks\MockLoopTracker.cpp">
      <Filter>Source Files\Mocks</Filter>
    </ClCompile>
    <ClCompile Include="..\..\Tests\InitialLoopStateTests.cpp">
      <Filter>Source Files</Filter>
    </ClCompile>
    <ClCompile Include="..\..\Tests\RunningStateTests.cpp">
      <Filter>Source Files</Filter>
    </ClCompile>
    <ClCompile Include="..\..\Tests\Mocks\MockAsyncTimer.cpp">
      <Filter>Source Files\Mocks</Filter>
    </ClCompile>
    <ClCompile Include="..\..\Tests\Mocks\MockAsyncTimerFactory.cpp">
      <Filter>Source Files\Mocks</Filter>
    </ClCompile>
  </ItemGroup>
  <ItemGroup>
    <ClInclude Include="..\..\Tests\Catch\catch.h">
      <Filter>Header Files\Catch</Filter>
    </ClInclude>
    <ClInclude Include="..\..\Tests\Mocks\MockEventLogger.h">
      <Filter>Header Files\Mocks</Filter>
    </ClInclude>
    <ClInclude Include="..\..\Tests\Mocks\MockMessageDispatcher.h">
      <Filter>Header Files\Mocks</Filter>
    </ClInclude>
    <ClInclude Include="..\..\Tests\Mocks\MockLoopTracker.h">
      <Filter>Header Files\Mocks</Filter>
    </ClInclude>
    <ClInclude Include="..\..\Tests\Mocks\MockAsyncTimer.h">
      <Filter>Header Files\Mocks</Filter>
    </ClInclude>
    <ClInclude Include="..\..\Tests\Mocks\MockAsyncTimerFactory.h">
      <Filter>Header Files\Mocks</Filter>
    </ClInclude>
  </ItemGroup>
</Project>