<?xml version="1.0" encoding="utf-8"?>
<Project ToolsVersion="4.0" xmlns="http://schemas.microsoft.com/developer/msbuild/2003">
  <ItemGroup>
    <Filter Include="Source Files">
      <UniqueIdentifier>{4FC737F1-C7A5-4376-A066-2A32D752A2FF}</UniqueIdentifier>
      <Extensions>cpp;c;cc;cxx;def;odl;idl;hpj;bat;asm;asmx</Extensions>
    </Filter>
    <Filter Include="Header Files">
      <UniqueIdentifier>{93995380-89BD-4b04-88EB-625FBE52EBFB}</UniqueIdentifier>
      <Extensions>h;hh;hpp;hxx;hm;inl;inc;xsd</Extensions>
    </Filter>
    <Filter Include="Resource Files">
      <UniqueIdentifier>{67DA6AB6-F800-4c08-8B7A-83BB121AAD01}</UniqueIdentifier>
      <Extensions>rc;ico;cur;bmp;dlg;rc2;rct;bin;rgs;gif;jpg;jpeg;jpe;resx;tiff;tif;png;wav;mfcribbon-ms</Extensions>
    </Filter>
    <Filter Include="Header Files\Logging">
      <UniqueIdentifier>{e7a92a24-9e41-4652-93fe-60ec42718c86}</UniqueIdentifier>
    </Filter>
    <Filter Include="Source Files\Logging">
      <UniqueIdentifier>{23a68c15-b35e-42a0-bdd0-5359cf8b11ed}</UniqueIdentifier>
    </Filter>
    <Filter Include="Header Files\Messaging">
      <UniqueIdentifier>{ec16f398-0906-4078-864d-9a8647003f3a}</UniqueIdentifier>
    </Filter>
    <Filter Include="Source Files\Messaging">
      <UniqueIdentifier>{003c64bc-5900-4e39-b548-090c002904f4}</UniqueIdentifier>
    </Filter>
    <Filter Include="Header Files\RtMidi">
      <UniqueIdentifier>{ff3fb336-f8d8-4938-a50f-ec6a1b631432}</UniqueIdentifier>
    </Filter>
    <Filter Include="Source Files\RtMidi">
      <UniqueIdentifier>{2ea927fb-d01a-45fd-a64e-ae0d15248c45}</UniqueIdentifier>
    </Filter>
    <Filter Include="Header Files\Session">
      <UniqueIdentifier>{880f8813-db09-41e5-8685-3afb55cb31a8}</UniqueIdentifier>
    </Filter>
    <Filter Include="Source Files\Session">
      <UniqueIdentifier>{3091060e-39d6-426b-9a40-26dbeb781514}</UniqueIdentifier>
    </Filter>
    <Filter Include="Header Files\States">
      <UniqueIdentifier>{84a14198-2085-425c-916d-6d84019a6e74}</UniqueIdentifier>
    </Filter>
    <Filter Include="Source Files\States">
      <UniqueIdentifier>{6ff24a26-622a-4da6-9859-14733a1a712c}</UniqueIdentifier>
    </Filter>
    <Filter Include="Header Files\Utilities">
      <UniqueIdentifier>{2c5ed1cf-89ca-49be-886f-35994015ec7e}</UniqueIdentifier>
    </Filter>
    <Filter Include="Source Files\Utilities">
      <UniqueIdentifier>{a980dc38-83f3-4016-85bd-4aee53751261}</UniqueIdentifier>
    </Filter>
  </ItemGroup>
  <ItemGroup>
    <ClInclude Include="Logging\EventLogger.hpp">
      <Filter>Header Files\Logging</Filter>
    </ClInclude>
    <ClInclude Include="Logging\IEvent.hpp">
      <Filter>Header Files\Logging</Filter>
    </ClInclude>
    <ClInclude Include="Logging\IEventLogger.hpp">
      <Filter>Header Files\Logging</Filter>
    </ClInclude>
    <ClInclude Include="Logging\MessageDispatchedEvent.hpp">
      <Filter>Header Files\Logging</Filter>
    </ClInclude>
    <ClInclude Include="Logging\StateChangedEvent.hpp">
      <Filter>Header Files\Logging</Filter>
    </ClInclude>
    <ClInclude Include="Messaging\ILoopTracker.hpp">
      <Filter>Header Files\Messaging</Filter>
    </ClInclude>
    <ClInclude Include="Messaging\IMessageDispatcher.hpp">
      <Filter>Header Files\Messaging</Filter>
    </ClInclude>
    <ClInclude Include="Messaging\LoopTracker.hpp">
      <Filter>Header Files\Messaging</Filter>
    </ClInclude>
    <ClInclude Include="Messaging\Message.hpp">
      <Filter>Header Files\Messaging</Filter>
    </ClInclude>
    <ClInclude Include="Messaging\MessageDispatcher.hpp">
      <Filter>Header Files\Messaging</Filter>
    </ClInclude>
    <ClInclude Include="Messaging\MessageReceiver.hpp">
      <Filter>Header Files\Messaging</Filter>
    </ClInclude>
    <ClInclude Include="RtMidi\RtMidi.hpp">
      <Filter>Header Files\RtMidi</Filter>
    </ClInclude>
    <ClInclude Include="Session\Session.hpp">
      <Filter>Header Files\Session</Filter>
    </ClInclude>
    <ClInclude Include="States\CreatedState.hpp">
      <Filter>Header Files\States</Filter>
    </ClInclude>
    <ClInclude Include="States\InitialLoopState.hpp">
      <Filter>Header Files\States</Filter>
    </ClInclude>
    <ClInclude Include="States\InitialLoopWaitingState.hpp">
      <Filter>Header Files\States</Filter>
    </ClInclude>
    <ClInclude Include="States\RunningState.hpp">
      <Filter>Header Files\States</Filter>
    </ClInclude>
    <ClInclude Include="States\StateBase.hpp">
      <Filter>Header Files\States</Filter>
    </ClInclude>
    <ClInclude Include="Utilities\AsyncTimer.hpp">
      <Filter>Header Files\Utilities</Filter>
    </ClInclude>
    <ClInclude Include="Utilities\AsyncTimerFactory.hpp">
      <Filter>Header Files\Utilities</Filter>
    </ClInclude>
    <ClInclude Include="Utilities\ConcurrentQueue.hpp">
      <Filter>Header Files\Utilities</Filter>
    </ClInclude>
    <ClInclude Include="Utilities\IAsyncTimer.hpp">
      <Filter>Header Files\Utilities</Filter>
    </ClInclude>
    <ClInclude Include="Utilities\IAsyncTimerFactory.hpp">
      <Filter>Header Files\Utilities</Filter>
    </ClInclude>
    <ClInclude Include="Utilities\RtMidiExt.hpp">
      <Filter>Header Files\Utilities</Filter>
    </ClInclude>
    <ClInclude Include="Utilities\Stopwatch.hpp">
      <Filter>Header Files\Utilities</Filter>
    </ClInclude>
    <ClInclude Include="Messaging\RecordingLoop.hpp">
      <Filter>Header Files\Messaging</Filter>
    </ClInclude>
    <ClInclude Include="Messaging\RunningLoop.hpp">
      <Filter>Header Files\Messaging</Filter>
    </ClInclude>
  </ItemGroup>
  <ItemGroup>
    <ClCompile Include="Logging\EventLogger.cpp">
      <Filter>Source Files\Logging</Filter>
    </ClCompile>
    <ClCompile Include="Logging\MessageDispatchedEvent.cpp">
      <Filter>Source Files\Logging</Filter>
    </ClCompile>
    <ClCompile Include="Logging\StateChangedEvent.cpp">
      <Filter>Source Files\Logging</Filter>
    </ClCompile>
    <ClCompile Include="Messaging\LoopTracker.cpp">
      <Filter>Source Files\Messaging</Filter>
    </ClCompile>
    <ClCompile Include="Messaging\MessageDispatcher.cpp">
      <Filter>Source Files\Messaging</Filter>
    </ClCompile>
    <ClCompile Include="Messaging\MessageReceiver.cpp">
      <Filter>Source Files\Messaging</Filter>
    </ClCompile>
    <ClCompile Include="RtMidi\RtMidi.cpp">
      <Filter>Source Files\RtMidi</Filter>
    </ClCompile>
    <ClCompile Include="Session\Session.cpp">
      <Filter>Source Files\Session</Filter>
    </ClCompile>
    <ClCompile Include="States\CreatedState.cpp">
      <Filter>Source Files\States</Filter>
    </ClCompile>
    <ClCompile Include="States\InitialLoopState.cpp">
      <Filter>Source Files\States</Filter>
    </ClCompile>
    <ClCompile Include="States\InitialLoopWaitingState.cpp">
      <Filter>Source Files\States</Filter>
    </ClCompile>
    <ClCompile Include="States\RunningState.cpp">
      <Filter>Source Files\States</Filter>
    </ClCompile>
    <ClCompile Include="Utilities\AsyncTimer.cpp">
      <Filter>Source Files\Utilities</Filter>
    </ClCompile>
    <ClCompile Include="Utilities\AsyncTimerFactory.cpp">
      <Filter>Source Files\Utilities</Filter>
    </ClCompile>
    <ClCompile Include="Utilities\RtMidiExt.cpp">
      <Filter>Source Files\Utilities</Filter>
    </ClCompile>
    <ClCompile Include="Utilities\Stopwatch.cpp">
      <Filter>Source Files\Utilities</Filter>
    </ClCompile>
    <ClCompile Include="Messaging\RecordingLoop.cpp">
      <Filter>Source Files\Messaging</Filter>
    </ClCompile>
    <ClCompile Include="Messaging\RunningLoop.cpp">
      <Filter>Source Files\Messaging</Filter>
    </ClCompile>
  </ItemGroup>
  <ItemGroup>
    <None Include="ClassDiagram.cd" />
  </ItemGroup>
  <ItemGroup>
    <Image Include="ClassDiagram.png" />
  </ItemGroup>
</Project>